
Microsoft Visual Studio Solution File, Format Version 12.00
# Visual Studio Version 16
VisualStudioVersion = 16.0.31829.152
MinimumVisualStudioVersion = 10.0.40219.1
Project("{FAE04EC0-301F-11D3-BF4B-00C04F79EFBC}") = "Blockchain", "Blockchain\Blockchain.csproj", "{688CD790-20E3-4B88-99BB-E2795D42C8E0}"
EndProject
Global
	GlobalSection(SolutionConfigurationPlatforms) = preSolution
		Debug|Any CPU = Debug|Any CPU
		Release|Any CPU = Release|Any CPU
	EndGlobalSection
	GlobalSection(ProjectConfigurationPlatforms) = postSolution
		{688CD790-20E3-4B88-99BB-E2795D42C8E0}.Debug|Any CPU.ActiveCfg = Debug|Any CPU
		{688CD790-20E3-4B88-99BB-E2795D42C8E0}.Debug|Any CPU.Build.0 = Debug|Any CPU
		{688CD790-20E3-4B88-99BB-E2795D42C8E0}.Release|Any CPU.ActiveCfg = Release|Any CPU
		{688CD790-20E3-4B88-99BB-E2795D42C8E0}.Release|Any CPU.Build.0 = Release|Any CPU
	EndGlobalSection
	GlobalSection(SolutionProperties) = preSolution
		HideSolutionNode = FALSE
	EndGlobalSection
	GlobalSection(ExtensibilityGlobals) = postSolution
		SolutionGuid = {0BC17203-C8AA-473C-B364-4A2D595A1B8B}
	EndGlobalSection
EndGlobal
